{
  "requires": true,
  "lockfileVersion": 1,
  "dependencies": {
    "ngx-pagination": {
      "version": "5.1.1",
      "resolved": "https://registry.npmjs.org/ngx-pagination/-/ngx-pagination-5.1.1.tgz",
      "integrity": "sha512-KxHES+Dn6pbetytO9ng2GAdclmo4UcwzFmQyVPWh2xRPbAlv5/ezL2xnDVBFMqCoJQaZagvdQ+ZZFbqGWqAvCQ=="
    }
  }
}
